// !$*UTF8*$!
{
	archiveVersion = 1;
	classes = {
	};
	objectVersion = 46;
	objects = {

/* Begin PBXBuildFile section */
		91CC6D441F22A53E00F9BD5A /* AppDelegate.swift in Sources */ = {isa = PBXBuildFile; fileRef = 91CC6D431F22A53E00F9BD5A /* AppDelegate.swift */; };
		91CC6D461F22A53E00F9BD5A /* ViewController.swift in Sources */ = {isa = PBXBuildFile; fileRef = 91CC6D451F22A53E00F9BD5A /* ViewController.swift */; };
		91CC6D491F22A53E00F9BD5A /* Main.storyboard in Resources */ = {isa = PBXBuildFile; fileRef = 91CC6D471F22A53E00F9BD5A /* Main.storyboard */; };
		91CC6D4B1F22A53E00F9BD5A /* Assets.xcassets in Resources */ = {isa = PBXBuildFile; fileRef = 91CC6D4A1F22A53E00F9BD5A /* Assets.xcassets */; };
		91CC6D4E1F22A53E00F9BD5A /* LaunchScreen.storyboard in Resources */ = {isa = PBXBuildFile; fileRef = 91CC6D4C1F22A53E00F9BD5A /* LaunchScreen.storyboard */; };
		91CC6D5C1F22B1A200F9BD5A /* Constants.swift in Sources */ = {isa = PBXBuildFile; fileRef = 91CC6D5B1F22B1A200F9BD5A /* Constants.swift */; };
/* End PBXBuildFile section */

/* Begin PBXFileReference section */
		91CC6D401F22A53E00F9BD5A /* Panorama.app */ = {isa = PBXFileReference; explicitFileType = wrapper.application; includeInIndex = 0; path = Panorama.app; sourceTree = BUILT_PRODUCTS_DIR; };
		91CC6D431F22A53E00F9BD5A /* AppDelegate.swift */ = {isa = PBXFileReference; lastKnownFileType = sourcecode.swift; path = AppDelegate.swift; sourceTree = "<group>"; };
		91CC6D451F22A53E00F9BD5A /* ViewController.swift */ = {isa = PBXFileReference; lastKnownFileType = sourcecode.swift; path = ViewController.swift; sourceTree = "<group>"; };
		91CC6D481F22A53E00F9BD5A /* Base */ = {isa = PBXFileReference; lastKnownFileType = file.storyboard; name = Base; path = Base.lproj/Main.storyboard; sourceTree = "<group>"; };
		91CC6D4A1F22A53E00F9BD5A /* Assets.xcassets */ = {isa = PBXFileReference; lastKnownFileType = folder.assetcatalog; path = Assets.xcassets; sourceTree = "<group>"; };
		91CC6D4D1F22A53E00F9BD5A /* Base */ = {isa = PBXFileReference; lastKnownFileType = file.storyboard; name = Base; path = Base.lproj/LaunchScreen.storyboard; sourceTree = "<group>"; };
		91CC6D4F1F22A53E00F9BD5A /* Info.plist */ = {isa = PBXFileReference; lastKnownFileType = text.plist.xml; path = Info.plist; sourceTree = "<group>"; };
		91CC6D5B1F22B1A200F9BD5A /* Constants.swift */ = {isa = PBXFileReference; fileEncoding = 4; lastKnownFileType = sourcecode.swift; path = Constants.swift; sourceTree = "<group>"; };
/* End PBXFileReference section */

/* Begin PBXFrameworksBuildPhase section */
		91CC6D3D1F22A53E00F9BD5A /* Frameworks */ = {
			isa = PBXFrameworksBuildPhase;
			buildActionMask = 2147483647;
			files = (
			);
			runOnlyForDeploymentPostprocessing = 0;
		};
/* End PBXFrameworksBuildPhase section */

/* Begin PBXGroup section */
		91CC6D371F22A53D00F9BD5A = {
			isa = PBXGroup;
			children = (
				91CC6D421F22A53E00F9BD5A /* Panorama */,
				91CC6D411F22A53E00F9BD5A /* Products */,
			);
			sourceTree = "<group>";
		};
		91CC6D411F22A53E00F9BD5A /* Products */ = {
			isa = PBXGroup;
			children = (
				91CC6D401F22A53E00F9BD5A /* Panorama.app */,
			);
			name = Products;
			sourceTree = "<group>";
		};
		91CC6D421F22A53E00F9BD5A /* Panorama */ = {
			isa = PBXGroup;
			children = (
				91CC6D5A1F22B19500F9BD5A /* Services */,
				91CC6D551F22B05300F9BD5A /* Model */,
				91CC6D561F22B05900F9BD5A /* View */,
				91CC6D571F22B05D00F9BD5A /* Controller */,
				91CC6D431F22A53E00F9BD5A /* AppDelegate.swift */,
				91CC6D4A1F22A53E00F9BD5A /* Assets.xcassets */,
				91CC6D4F1F22A53E00F9BD5A /* Info.plist */,
			);
			path = Panorama;
			sourceTree = "<group>";
		};
		91CC6D551F22B05300F9BD5A /* Model */ = {
			isa = PBXGroup;
			children = (
				91CC6D5B1F22B1A200F9BD5A /* Constants.swift */,
			);
			name = Model;
			sourceTree = "<group>";
		};
		91CC6D561F22B05900F9BD5A /* View */ = {
			isa = PBXGroup;
			children = (
				91CC6D471F22A53E00F9BD5A /* Main.storyboard */,
				91CC6D4C1F22A53E00F9BD5A /* LaunchScreen.storyboard */,
			);
			name = View;
			sourceTree = "<group>";
		};
		91CC6D571F22B05D00F9BD5A /* Controller */ = {
			isa = PBXGroup;
			children = (
				91CC6D451F22A53E00F9BD5A /* ViewController.swift */,
			);
			name = Controller;
			sourceTree = "<group>";
		};
		91CC6D5A1F22B19500F9BD5A /* Services */ = {
			isa = PBXGroup;
			children = (
			);
			name = Services;
			sourceTree = "<group>";
		};
/* End PBXGroup section */

/* Begin PBXNativeTarget section */
		91CC6D3F1F22A53E00F9BD5A /* Panorama */ = {
			isa = PBXNativeTarget;
			buildConfigurationList = 91CC6D521F22A53E00F9BD5A /* Build configuration list for PBXNativeTarget "Panorama" */;
			buildPhases = (
				91CC6D3C1F22A53E00F9BD5A /* Sources */,
				91CC6D3D1F22A53E00F9BD5A /* Frameworks */,
				91CC6D3E1F22A53E00F9BD5A /* Resources */,
			);
			buildRules = (
			);
			dependencies = (
			);
			name = Panorama;
			productName = Panorama;
			productReference = 91CC6D401F22A53E00F9BD5A /* Panorama.app */;
			productType = "com.apple.product-type.application";
		};
/* End PBXNativeTarget section */

/* Begin PBXProject section */
		91CC6D381F22A53D00F9BD5A /* Project object */ = {
			isa = PBXProject;
			attributes = {
				LastSwiftUpdateCheck = 0830;
				LastUpgradeCheck = 0830;
				ORGANIZATIONNAME = SeanPerez;
				TargetAttributes = {
					91CC6D3F1F22A53E00F9BD5A = {
						CreatedOnToolsVersion = 8.3.3;
						DevelopmentTeam = PW5CGBBSUC;
						ProvisioningStyle = Automatic;
					};
				};
			};
			buildConfigurationList = 91CC6D3B1F22A53E00F9BD5A /* Build configuration list for PBXProject "Panorama" */;
			compatibilityVersion = "Xcode 3.2";
			developmentRegion = English;
			hasScannedForEncodings = 0;
			knownRegions = (
				en,
				Base,
			);
			mainGroup = 91CC6D371F22A53D00F9BD5A;
			productRefGroup = 91CC6D411F22A53E00F9BD5A /* Products */;
			projectDirPath = "";
			projectRoot = "";
			targets = (
				91CC6D3F1F22A53E00F9BD5A /* Panorama */,
			);
		};
/* End PBXProject section */

/* Begin PBXResourcesBuildPhase section */
		91CC6D3E1F22A53E00F9BD5A /* Resources */ = {
			isa = PBXResourcesBuildPhase;
			buildActionMask = 2147483647;
			files = (
				91CC6D4E1F22A53E00F9BD5A /* LaunchScreen.storyboard in Resources */,
				91CC6D4B1F22A53E00F9BD5A /* Assets.xcassets in Resources */,
				91CC6D491F22A53E00F9BD5A /* Main.storyboard in Resources */,
			);
			runOnlyForDeploymentPostprocessing = 0;
		};
/* End PBXResourcesBuildPhase section */

/* Begin PBXSourcesBuildPhase section */
		91CC6D3C1F22A53E00F9BD5A /* Sources */ = {
			isa = PBXSourcesBuildPhase;
			buildActionMask = 2147483647;
			files = (
				91CC6D461F22A53E00F9BD5A /* ViewController.swift in Sources */,
				91CC6D441F22A53E00F9BD5A /* AppDelegate.swift in Sources */,
				91CC6D5C1F22B1A200F9BD5A /* Constants.swift in Sources */,
			);
			runOnlyForDeploymentPostprocessing = 0;
		};
/* End PBXSourcesBuildPhase section */

/* Begin PBXVariantGroup section */
		91CC6D471F22A53E00F9BD5A /* Main.storyboard */ = {
			isa = PBXVariantGroup;
			children = (
				91CC6D481F22A53E00F9BD5A /* Base */,
			);
			name = Main.storyboard;
			sourceTree = "<group>";
		};
		91CC6D4C1F22A53E00F9BD5A /* LaunchScreen.storyboard */ = {
			isa = PBXVariantGroup;
			children = (
				91CC6D4D1F22A53E00F9BD5A /* Base */,
			);
			name = LaunchScreen.storyboard;
			sourceTree = "<group>";
		};
/* End PBXVariantGroup section */

/* Begin XCBuildConfiguration section */
		91CC6D501F22A53E00F9BD5A /* Debug */ = {
			isa = XCBuildConfiguration;
			buildSettings = {
				ALWAYS_SEARCH_USER_PATHS = NO;
				CLANG_ANALYZER_NONNULL = YES;
				CLANG_ANALYZER_NUMBER_OBJECT_CONVERSION = YES_AGGRESSIVE;
				CLANG_CXX_LANGUAGE_STANDARD = "gnu++0x";
				CLANG_CXX_LIBRARY = "libc++";
				CLANG_ENABLE_MODULES = YES;
				CLANG_ENABLE_OBJC_ARC = YES;
				CLANG_WARN_BOOL_CONVERSION = YES;
				CLANG_WARN_CONSTANT_CONVERSION = YES;
				CLANG_WARN_DIRECT_OBJC_ISA_USAGE = YES_ERROR;
				CLANG_WARN_DOCUMENTATION_COMMENTS = YES;
				CLANG_WARN_EMPTY_BODY = YES;
				CLANG_WARN_ENUM_CONVERSION = YES;
				CLANG_WARN_INFINITE_RECURSION = YES;
				CLANG_WARN_INT_CONVERSION = YES;
				CLANG_WARN_OBJC_ROOT_CLASS = YES_ERROR;
				CLANG_WARN_SUSPICIOUS_MOVE = YES;
				CLANG_WARN_UNREACHABLE_CODE = YES;
				CLANG_WARN__DUPLICATE_METHOD_MATCH = YES;
				"CODE_SIGN_IDENTITY[sdk=iphoneos*]" = "iPhone Developer";
				COPY_PHASE_STRIP = NO;
				DEBUG_INFORMATION_FORMAT = dwarf;
				ENABLE_STRICT_OBJC_MSGSEND = YES;
				ENABLE_TESTABILITY = YES;
				GCC_C_LANGUAGE_STANDARD = gnu99;
				GCC_DYNAMIC_NO_PIC = NO;
				GCC_NO_COMMON_BLOCKS = YES;
				GCC_OPTIMIZATION_LEVEL = 0;
				GCC_PREPROCESSOR_DEFINITIONS = (
					"DEBUG=1",
					"$(inherited)",
				);
				GCC_WARN_64_TO_32_BIT_CONVERSION = YES;
				GCC_WARN_ABOUT_RETURN_TYPE = YES_ERROR;
				GCC_WARN_UNDECLARED_SELECTOR = YES;
				GCC_WARN_UNINITIALIZED_AUTOS = YES_AGGRESSIVE;
				GCC_WARN_UNUSED_FUNCTION = YES;
				GCC_WARN_UNUSED_VARIABLE = YES;
				IPHONEOS_DEPLOYMENT_TARGET = 10.3;
				MTL_ENABLE_DEBUG_INFO = YES;
				ONLY_ACTIVE_ARCH = YES;
				SDKROOT = iphoneos;
				SWIFT_ACTIVE_COMPILATION_CONDITIONS = DEBUG;
				SWIFT_OPTIMIZATION_LEVEL = "-Onone";
				TARGETED_DEVICE_FAMILY = "1,2";
			};
			name = Debug;
		};
		91CC6D511F22A53E00F9BD5A /* Release */ = {
			isa = XCBuildConfiguration;
			buildSettings = {
				ALWAYS_SEARCH_USER_PATHS = NO;
				CLANG_ANALYZER_NONNULL = YES;
				CLANG_ANALYZER_NUMBER_OBJECT_CONVERSION = YES_AGGRESSIVE;
				CLANG_CXX_LANGUAGE_STANDARD = "gnu++0x";
				CLANG_CXX_LIBRARY = "libc++";
				CLANG_ENABLE_MODULES = YES;
				CLANG_ENABLE_OBJC_ARC = YES;
				CLANG_WARN_BOOL_CONVERSION = YES;
				CLANG_WARN_CONSTANT_CONVERSION = YES;
				CLANG_WARN_DIRECT_OBJC_ISA_USAGE = YES_ERROR;
				CLANG_WARN_DOCUMENTATION_COMMENTS = YES;
				CLANG_WARN_EMPTY_BODY = YES;
				CLANG_WARN_ENUM_CONVERSION = YES;
				CLANG_WARN_INFINITE_RECURSION = YES;
				CLANG_WARN_INT_CONVERSION = YES;
				CLANG_WARN_OBJC_ROOT_CLASS = YES_ERROR;
				CLANG_WARN_SUSPICIOUS_MOVE = YES;
				CLANG_WARN_UNREACHABLE_CODE = YES;
				CLANG_WARN__DUPLICATE_METHOD_MATCH = YES;
				"CODE_SIGN_IDENTITY[sdk=iphoneos*]" = "iPhone Developer";
				COPY_PHASE_STRIP = NO;
				DEBUG_INFORMATION_FORMAT = "dwarf-with-dsym";
				ENABLE_NS_ASSERTIONS = NO;
				ENABLE_STRICT_OBJC_MSGSEND = YES;
				GCC_C_LANGUAGE_STANDARD = gnu99;
				GCC_NO_COMMON_BLOCKS = YES;
				GCC_WARN_64_TO_32_BIT_CONVERSION = YES;
				GCC_WARN_ABOUT_RETURN_TYPE = YES_ERROR;
				GCC_WARN_UNDECLARED_SELECTOR = YES;
				GCC_WARN_UNINITIALIZED_AUTOS = YES_AGGRESSIVE;
				GCC_WARN_UNUSED_FUNCTION = YES;
				GCC_WARN_UNUSED_VARIABLE = YES;
				IPHONEOS_DEPLOYMENT_TARGET = 10.3;
				MTL_ENABLE_DEBUG_INFO = NO;
				SDKROOT = iphoneos;
				SWIFT_OPTIMIZATION_LEVEL = "-Owholemodule";
				TARGETED_DEVICE_FAMILY = "1,2";
				VALIDATE_PRODUCT = YES;
			};
			name = Release;
		};
		91CC6D531F22A53E00F9BD5A /* Debug */ = {
			isa = XCBuildConfiguration;
			buildSettings = {
				ASSETCATALOG_COMPILER_APPICON_NAME = AppIcon;
				DEVELOPMENT_TEAM = PW5CGBBSUC;
				INFOPLIST_FILE = Panorama/Info.plist;
				LD_RUNPATH_SEARCH_PATHS = "$(inherited) @executable_path/Frameworks";
				PRODUCT_BUNDLE_IDENTIFIER = com.SeanPerez.Panorama;
				PRODUCT_NAME = "$(TARGET_NAME)";
				SWIFT_VERSION = 3.0;
			};
			name = Debug;
		};
		91CC6D541F22A53E00F9BD5A /* Release */ = {
			isa = XCBuildConfiguration;
			buildSettings = {
				ASSETCATALOG_COMPILER_APPICON_NAME = AppIcon;
				DEVELOPMENT_TEAM = PW5CGBBSUC;
				INFOPLIST_FILE = Panorama/Info.plist;
				LD_RUNPATH_SEARCH_PATHS = "$(inherited) @executable_path/Frameworks";
				PRODUCT_BUNDLE_IDENTIFIER = com.SeanPerez.Panorama;
				PRODUCT_NAME = "$(TARGET_NAME)";
				SWIFT_VERSION = 3.0;
			};
			name = Release;
		};
/* End XCBuildConfiguration section */

/* Begin XCConfigurationList section */
		91CC6D3B1F22A53E00F9BD5A /* Build configuration list for PBXProject "Panorama" */ = {
			isa = XCConfigurationList;
			buildConfigurations = (
				91CC6D501F22A53E00F9BD5A /* Debug */,
				91CC6D511F22A53E00F9BD5A /* Release */,
			);
			defaultConfigurationIsVisible = 0;
			defaultConfigurationName = Release;
		};
		91CC6D521F22A53E00F9BD5A /* Build configuration list for PBXNativeTarget "Panorama" */ = {
			isa = XCConfigurationList;
			buildConfigurations = (
				91CC6D531F22A53E00F9BD5A /* Debug */,
				91CC6D541F22A53E00F9BD5A /* Release */,
			);
			defaultConfigurationIsVisible = 0;
		};
/* End XCConfigurationList section */
	};
	rootObject = 91CC6D381F22A53D00F9BD5A /* Project object */;
}
